// !$*UTF8*$!
{
	archiveVersion = 1;
	classes = {
	};
	objectVersion = 46;
	objects = {

/* Begin PBXBuildFile section */
		DE9AC2511F68DD61002F00BA /* AppDelegate.swift in Sources */ = {isa = PBXBuildFile; fileRef = DE9AC2501F68DD61002F00BA /* AppDelegate.swift */; };
		DE9AC2531F68DD61002F00BA /* HomeViewController.swift in Sources */ = {isa = PBXBuildFile; fileRef = DE9AC2521F68DD61002F00BA /* HomeViewController.swift */; };
		DE9AC2561F68DD61002F00BA /* Main.storyboard in Resources */ = {isa = PBXBuildFile; fileRef = DE9AC2541F68DD61002F00BA /* Main.storyboard */; };
		DE9AC2581F68DD62002F00BA /* Assets.xcassets in Resources */ = {isa = PBXBuildFile; fileRef = DE9AC2571F68DD62002F00BA /* Assets.xcassets */; };
		DE9AC25B1F68DD62002F00BA /* LaunchScreen.storyboard in Resources */ = {isa = PBXBuildFile; fileRef = DE9AC2591F68DD62002F00BA /* LaunchScreen.storyboard */; };
		DE9AC2641F691204002F00BA /* UIColorExtension.swift in Sources */ = {isa = PBXBuildFile; fileRef = DE9AC2631F691204002F00BA /* UIColorExtension.swift */; };
		DE9AC2661F691CE0002F00BA /* NapoleanViewController.swift in Sources */ = {isa = PBXBuildFile; fileRef = DE9AC2651F691CE0002F00BA /* NapoleanViewController.swift */; };
		DE9AC2681F698A85002F00BA /* BronzeViewController.swift in Sources */ = {isa = PBXBuildFile; fileRef = DE9AC2671F698A85002F00BA /* BronzeViewController.swift */; };
/* End PBXBuildFile section */

/* Begin PBXFileReference section */
		DE9AC24D1F68DD61002F00BA /* Shopify_Intern_Problem.app */ = {isa = PBXFileReference; explicitFileType = wrapper.application; includeInIndex = 0; path = Shopify_Intern_Problem.app; sourceTree = BUILT_PRODUCTS_DIR; };
		DE9AC2501F68DD61002F00BA /* AppDelegate.swift */ = {isa = PBXFileReference; lastKnownFileType = sourcecode.swift; path = AppDelegate.swift; sourceTree = "<group>"; };
		DE9AC2521F68DD61002F00BA /* HomeViewController.swift */ = {isa = PBXFileReference; lastKnownFileType = sourcecode.swift; path = HomeViewController.swift; sourceTree = "<group>"; };
		DE9AC2551F68DD61002F00BA /* Base */ = {isa = PBXFileReference; lastKnownFileType = file.storyboard; name = Base; path = Base.lproj/Main.storyboard; sourceTree = "<group>"; };
		DE9AC2571F68DD62002F00BA /* Assets.xcassets */ = {isa = PBXFileReference; lastKnownFileType = folder.assetcatalog; path = Assets.xcassets; sourceTree = "<group>"; };
		DE9AC25A1F68DD62002F00BA /* Base */ = {isa = PBXFileReference; lastKnownFileType = file.storyboard; name = Base; path = Base.lproj/LaunchScreen.storyboard; sourceTree = "<group>"; };
		DE9AC25C1F68DD62002F00BA /* Info.plist */ = {isa = PBXFileReference; lastKnownFileType = text.plist.xml; path = Info.plist; sourceTree = "<group>"; };
		DE9AC2631F691204002F00BA /* UIColorExtension.swift */ = {isa = PBXFileReference; fileEncoding = 4; lastKnownFileType = sourcecode.swift; path = UIColorExtension.swift; sourceTree = "<group>"; };
		DE9AC2651F691CE0002F00BA /* NapoleanViewController.swift */ = {isa = PBXFileReference; fileEncoding = 4; lastKnownFileType = sourcecode.swift; path = NapoleanViewController.swift; sourceTree = "<group>"; };
		DE9AC2671F698A85002F00BA /* BronzeViewController.swift */ = {isa = PBXFileReference; fileEncoding = 4; lastKnownFileType = sourcecode.swift; path = BronzeViewController.swift; sourceTree = "<group>"; };
/* End PBXFileReference section */

/* Begin PBXFrameworksBuildPhase section */
		DE9AC24A1F68DD60002F00BA /* Frameworks */ = {
			isa = PBXFrameworksBuildPhase;
			buildActionMask = 2147483647;
			files = (
			);
			runOnlyForDeploymentPostprocessing = 0;
		};
/* End PBXFrameworksBuildPhase section */

/* Begin PBXGroup section */
		DE9AC2441F68DD60002F00BA = {
			isa = PBXGroup;
			children = (
				DE9AC24F1F68DD61002F00BA /* Shopify_Intern_Problem */,
				DE9AC24E1F68DD61002F00BA /* Products */,
			);
			sourceTree = "<group>";
		};
		DE9AC24E1F68DD61002F00BA /* Products */ = {
			isa = PBXGroup;
			children = (
				DE9AC24D1F68DD61002F00BA /* Shopify_Intern_Problem.app */,
			);
			name = Products;
			sourceTree = "<group>";
		};
		DE9AC24F1F68DD61002F00BA /* Shopify_Intern_Problem */ = {
			isa = PBXGroup;
			children = (
				DE9AC2521F68DD61002F00BA /* HomeViewController.swift */,
				DE9AC2651F691CE0002F00BA /* NapoleanViewController.swift */,
				DE9AC2671F698A85002F00BA /* BronzeViewController.swift */,
				DE9AC2621F6911E5002F00BA /* Resources */,
				DE9AC2541F68DD61002F00BA /* Main.storyboard */,
				DE9AC2571F68DD62002F00BA /* Assets.xcassets */,
				DE9AC2591F68DD62002F00BA /* LaunchScreen.storyboard */,
				DE9AC25C1F68DD62002F00BA /* Info.plist */,
			);
			path = Shopify_Intern_Problem;
			sourceTree = "<group>";
		};
		DE9AC2621F6911E5002F00BA /* Resources */ = {
			isa = PBXGroup;
			children = (
				DE9AC2501F68DD61002F00BA /* AppDelegate.swift */,
				DE9AC2631F691204002F00BA /* UIColorExtension.swift */,
			);
			name = Resources;
			sourceTree = "<group>";
		};
/* End PBXGroup section */

/* Begin PBXNativeTarget section */
		DE9AC24C1F68DD60002F00BA /* Shopify_Intern_Problem */ = {
			isa = PBXNativeTarget;
			buildConfigurationList = DE9AC25F1F68DD62002F00BA /* Build configuration list for PBXNativeTarget "Shopify_Intern_Problem" */;
			buildPhases = (
				DE9AC2491F68DD60002F00BA /* Sources */,
				DE9AC24A1F68DD60002F00BA /* Frameworks */,
				DE9AC24B1F68DD60002F00BA /* Resources */,
			);
			buildRules = (
			);
			dependencies = (
			);
			name = Shopify_Intern_Problem;
			productName = Shopify_Intern_Problem;
			productReference = DE9AC24D1F68DD61002F00BA /* Shopify_Intern_Problem.app */;
			productType = "com.apple.product-type.application";
		};
/* End PBXNativeTarget section */

/* Begin PBXProject section */
		DE9AC2451F68DD60002F00BA /* Project object */ = {
			isa = PBXProject;
			attributes = {
				LastSwiftUpdateCheck = 0820;
				LastUpgradeCheck = 0820;
				ORGANIZATIONNAME = "Panda Life";
				TargetAttributes = {
					DE9AC24C1F68DD60002F00BA = {
						CreatedOnToolsVersion = 8.2.1;
						DevelopmentTeam = 2GBQ7B7WXX;
						ProvisioningStyle = Automatic;
					};
				};
			};
			buildConfigurationList = DE9AC2481F68DD60002F00BA /* Build configuration list for PBXProject "Shopify_Intern_Problem" */;
			compatibilityVersion = "Xcode 3.2";
			developmentRegion = English;
			hasScannedForEncodings = 0;
			knownRegions = (
				en,
				Base,
			);
			mainGroup = DE9AC2441F68DD60002F00BA;
			productRefGroup = DE9AC24E1F68DD61002F00BA /* Products */;
			projectDirPath = "";
			projectRoot = "";
			targets = (
				DE9AC24C1F68DD60002F00BA /* Shopify_Intern_Problem */,
			);
		};
/* End PBXProject section */

/* Begin PBXResourcesBuildPhase section */
		DE9AC24B1F68DD60002F00BA /* Resources */ = {
			isa = PBXResourcesBuildPhase;
			buildActionMask = 2147483647;
			files = (
				DE9AC25B1F68DD62002F00BA /* LaunchScreen.storyboard in Resources */,
				DE9AC2581F68DD62002F00BA /* Assets.xcassets in Resources */,
				DE9AC2561F68DD61002F00BA /* Main.storyboard in Resources */,
			);
			runOnlyForDeploymentPostprocessing = 0;
		};
/* End PBXResourcesBuildPhase section */

/* Begin PBXSourcesBuildPhase section */
		DE9AC2491F68DD60002F00BA /* Sources */ = {
			isa = PBXSourcesBuildPhase;
			buildActionMask = 2147483647;
			files = (
				DE9AC2661F691CE0002F00BA /* NapoleanViewController.swift in Sources */,
				DE9AC2531F68DD61002F00BA /* HomeViewController.swift in Sources */,
				DE9AC2511F68DD61002F00BA /* AppDelegate.swift in Sources */,
				DE9AC2681F698A85002F00BA /* BronzeViewController.swift in Sources */,
				DE9AC2641F691204002F00BA /* UIColorExtension.swift in Sources */,
			);
			runOnlyForDeploymentPostprocessing = 0;
		};
/* End PBXSourcesBuildPhase section */

/* Begin PBXVariantGroup section */
		DE9AC2541F68DD61002F00BA /* Main.storyboard */ = {
			isa = PBXVariantGroup;
			children = (
				DE9AC2551F68DD61002F00BA /* Base */,
			);
			name = Main.storyboard;
			sourceTree = "<group>";
		};
		DE9AC2591F68DD62002F00BA /* LaunchScreen.storyboard */ = {
			isa = PBXVariantGroup;
			children = (
				DE9AC25A1F68DD62002F00BA /* Base */,
			);
			name = LaunchScreen.storyboard;
			sourceTree = "<group>";
		};
/* End PBXVariantGroup section */

/* Begin XCBuildConfiguration section */
		DE9AC25D1F68DD62002F00BA /* Debug */ = {
			isa = XCBuildConfiguration;
			buildSettings = {
				ALWAYS_SEARCH_USER_PATHS = NO;
				CLANG_ANALYZER_NONNULL = YES;
				CLANG_CXX_LANGUAGE_STANDARD = "gnu++0x";
				CLANG_CXX_LIBRARY = "libc++";
				CLANG_ENABLE_MODULES = YES;
				CLANG_ENABLE_OBJC_ARC = YES;
				CLANG_WARN_BOOL_CONVERSION = YES;
				CLANG_WARN_CONSTANT_CONVERSION = YES;
				CLANG_WARN_DIRECT_OBJC_ISA_USAGE = YES_ERROR;
				CLANG_WARN_DOCUMENTATION_COMMENTS = YES;
				CLANG_WARN_EMPTY_BODY = YES;
				CLANG_WARN_ENUM_CONVERSION = YES;
				CLANG_WARN_INFINITE_RECURSION = YES;
				CLANG_WARN_INT_CONVERSION = YES;
				CLANG_WARN_OBJC_ROOT_CLASS = YES_ERROR;
				CLANG_WARN_SUSPICIOUS_MOVE = YES;
				CLANG_WARN_UNREACHABLE_CODE = YES;
				CLANG_WARN__DUPLICATE_METHOD_MATCH = YES;
				"CODE_SIGN_IDENTITY[sdk=iphoneos*]" = "iPhone Developer";
				COPY_PHASE_STRIP = NO;
				DEBUG_INFORMATION_FORMAT = dwarf;
				ENABLE_STRICT_OBJC_MSGSEND = YES;
				ENABLE_TESTABILITY = YES;
				GCC_C_LANGUAGE_STANDARD = gnu99;
				GCC_DYNAMIC_NO_PIC = NO;
				GCC_NO_COMMON_BLOCKS = YES;
				GCC_OPTIMIZATION_LEVEL = 0;
				GCC_PREPROCESSOR_DEFINITIONS = (
					"DEBUG=1",
					"$(inherited)",
				);
				GCC_WARN_64_TO_32_BIT_CONVERSION = YES;
				GCC_WARN_ABOUT_RETURN_TYPE = YES_ERROR;
				GCC_WARN_UNDECLARED_SELECTOR = YES;
				GCC_WARN_UNINITIALIZED_AUTOS = YES_AGGRESSIVE;
				GCC_WARN_UNUSED_FUNCTION = YES;
				GCC_WARN_UNUSED_VARIABLE = YES;
				IPHONEOS_DEPLOYMENT_TARGET = 10.2;
				MTL_ENABLE_DEBUG_INFO = YES;
				ONLY_ACTIVE_ARCH = YES;
				SDKROOT = iphoneos;
				SWIFT_ACTIVE_COMPILATION_CONDITIONS = DEBUG;
				SWIFT_OPTIMIZATION_LEVEL = "-Onone";
			};
			name = Debug;
		};
		DE9AC25E1F68DD62002F00BA /* Release */ = {
			isa = XCBuildConfiguration;
			buildSettings = {
				ALWAYS_SEARCH_USER_PATHS = NO;
				CLANG_ANALYZER_NONNULL = YES;
				CLANG_CXX_LANGUAGE_STANDARD = "gnu++0x";
				CLANG_CXX_LIBRARY = "libc++";
				CLANG_ENABLE_MODULES = YES;
				CLANG_ENABLE_OBJC_ARC = YES;
				CLANG_WARN_BOOL_CONVERSION = YES;
				CLANG_WARN_CONSTANT_CONVERSION = YES;
				CLANG_WARN_DIRECT_OBJC_ISA_USAGE = YES_ERROR;
				CLANG_WARN_DOCUMENTATION_COMMENTS = YES;
				CLANG_WARN_EMPTY_BODY = YES;
				CLANG_WARN_ENUM_CONVERSION = YES;
				CLANG_WARN_INFINITE_RECURSION = YES;
				CLANG_WARN_INT_CONVERSION = YES;
				CLANG_WARN_OBJC_ROOT_CLASS = YES_ERROR;
				CLANG_WARN_SUSPICIOUS_MOVE = YES;
				CLANG_WARN_UNREACHABLE_CODE = YES;
				CLANG_WARN__DUPLICATE_METHOD_MATCH = YES;
				"CODE_SIGN_IDENTITY[sdk=iphoneos*]" = "iPhone Developer";
				COPY_PHASE_STRIP = NO;
				DEBUG_INFORMATION_FORMAT = "dwarf-with-dsym";
				ENABLE_NS_ASSERTIONS = NO;
				ENABLE_STRICT_OBJC_MSGSEND = YES;
				GCC_C_LANGUAGE_STANDARD = gnu99;
				GCC_NO_COMMON_BLOCKS = YES;
				GCC_WARN_64_TO_32_BIT_CONVERSION = YES;
				GCC_WARN_ABOUT_RETURN_TYPE = YES_ERROR;
				GCC_WARN_UNDECLARED_SELECTOR = YES;
				GCC_WARN_UNINITIALIZED_AUTOS = YES_AGGRESSIVE;
				GCC_WARN_UNUSED_FUNCTION = YES;
				GCC_WARN_UNUSED_VARIABLE = YES;
				IPHONEOS_DEPLOYMENT_TARGET = 10.2;
				MTL_ENABLE_DEBUG_INFO = NO;
				SDKROOT = iphoneos;
				SWIFT_OPTIMIZATION_LEVEL = "-Owholemodule";
				VALIDATE_PRODUCT = YES;
			};
			name = Release;
		};
		DE9AC2601F68DD62002F00BA /* Debug */ = {
			isa = XCBuildConfiguration;
			buildSettings = {
				ASSETCATALOG_COMPILER_APPICON_NAME = AppIcon;
				DEVELOPMENT_TEAM = 2GBQ7B7WXX;
				INFOPLIST_FILE = Shopify_Intern_Problem/Info.plist;
				LD_RUNPATH_SEARCH_PATHS = "$(inherited) @executable_path/Frameworks";
				PRODUCT_BUNDLE_IDENTIFIER = "Panda-Life.Shopify-Intern-Problem";
				PRODUCT_NAME = "$(TARGET_NAME)";
				SWIFT_VERSION = 3.0;
			};
			name = Debug;
		};
		DE9AC2611F68DD62002F00BA /* Release */ = {
			isa = XCBuildConfiguration;
			buildSettings = {
				ASSETCATALOG_COMPILER_APPICON_NAME = AppIcon;
				DEVELOPMENT_TEAM = 2GBQ7B7WXX;
				INFOPLIST_FILE = Shopify_Intern_Problem/Info.plist;
				LD_RUNPATH_SEARCH_PATHS = "$(inherited) @executable_path/Frameworks";
				PRODUCT_BUNDLE_IDENTIFIER = "Panda-Life.Shopify-Intern-Problem";
				PRODUCT_NAME = "$(TARGET_NAME)";
				SWIFT_VERSION = 3.0;
			};
			name = Release;
		};
/* End XCBuildConfiguration section */

/* Begin XCConfigurationList section */
		DE9AC2481F68DD60002F00BA /* Build configuration list for PBXProject "Shopify_Intern_Problem" */ = {
			isa = XCConfigurationList;
			buildConfigurations = (
				DE9AC25D1F68DD62002F00BA /* Debug */,
				DE9AC25E1F68DD62002F00BA /* Release */,
			);
			defaultConfigurationIsVisible = 0;
			defaultConfigurationName = Release;
		};
		DE9AC25F1F68DD62002F00BA /* Build configuration list for PBXNativeTarget "Shopify_Intern_Problem" */ = {
			isa = XCConfigurationList;
			buildConfigurations = (
				DE9AC2601F68DD62002F00BA /* Debug */,
				DE9AC2611F68DD62002F00BA /* Release */,
			);
			defaultConfigurationIsVisible = 0;
		};
/* End XCConfigurationList section */
	};
	rootObject = DE9AC2451F68DD60002F00BA /* Project object */;
}
